
Microsoft Visual Studio Solution File, Format Version 12.00
# Visual Studio Version 16
VisualStudioVersion = 25.0.1706.1
MinimumVisualStudioVersion = 10.0.40219.1
Project("{FAE04EC0-301F-11D3-BF4B-00C04F79EFBC}") = "Self Study WK1", "Self Study WK1\Self Study WK1.csproj", "{FFAAC200-0C2C-43DE-9D10-9B9531ACCC0D}"
EndProject
Global
	GlobalSection(SolutionConfigurationPlatforms) = preSolution
		Debug|Any CPU = Debug|Any CPU
		Release|Any CPU = Release|Any CPU
	EndGlobalSection
	GlobalSection(ProjectConfigurationPlatforms) = postSolution
		{FFAAC200-0C2C-43DE-9D10-9B9531ACCC0D}.Debug|Any CPU.ActiveCfg = Debug|Any CPU
		{FFAAC200-0C2C-43DE-9D10-9B9531ACCC0D}.Debug|Any CPU.Build.0 = Debug|Any CPU
		{FFAAC200-0C2C-43DE-9D10-9B9531ACCC0D}.Release|Any CPU.ActiveCfg = Release|Any CPU
		{FFAAC200-0C2C-43DE-9D10-9B9531ACCC0D}.Release|Any CPU.Build.0 = Release|Any CPU
	EndGlobalSection
	GlobalSection(SolutionProperties) = preSolution
		HideSolutionNode = FALSE
	EndGlobalSection
	GlobalSection(ExtensibilityGlobals) = postSolution
		SolutionGuid = {04AFF71F-7530-4700-BA90-9A66BA7ABB37}
	EndGlobalSection
EndGlobal
